
Microsoft Visual Studio Solution File, Format Version 12.00
# Visual Studio 15
VisualStudioVersion = 15.0.28307.271
MinimumVisualStudioVersion = 10.0.40219.1
Project("{888888A0-9F3D-457C-B088-3A5042F75D52}") = "Machine-Learning-in-Action-Python3", "Machine-Learning-in-Action-Python3.pyproj", "{1D25F142-CEEE-496D-8C53-055DCA37A94D}"
EndProject
Global
	GlobalSection(SolutionConfigurationPlatforms) = preSolution
		Debug|Any CPU = Debug|Any CPU
		Release|Any CPU = Release|Any CPU
	EndGlobalSection
	GlobalSection(ProjectConfigurationPlatforms) = postSolution
		{1D25F142-CEEE-496D-8C53-055DCA37A94D}.Debug|Any CPU.ActiveCfg = Debug|Any CPU
		{1D25F142-CEEE-496D-8C53-055DCA37A94D}.Release|Any CPU.ActiveCfg = Release|Any CPU
	EndGlobalSection
	GlobalSection(SolutionProperties) = preSolution
		HideSolutionNode = FALSE
	EndGlobalSection
	GlobalSection(ExtensibilityGlobals) = postSolution
		SolutionGuid = {9F52A7F5-78A0-4777-B018-AADCD1E21EEF}
	EndGlobalSection
EndGlobal
